
Microsoft Visual Studio Solution File, Format Version 12.00
# Visual Studio Version 16
VisualStudioVersion = 16.0.28803.156
MinimumVisualStudioVersion = 10.0.40219.1
Project("{FAE04EC0-301F-11D3-BF4B-00C04F79EFBC}") = "nxdRISC_Assembler", "nxdRISC521_Assembler\nxdRISC_Assembler.csproj", "{0C1AC8F3-07CA-4C53-B629-CEAA4A78071E}"
EndProject
Global
	GlobalSection(SolutionConfigurationPlatforms) = preSolution
		Debug|Any CPU = Debug|Any CPU
		Release|Any CPU = Release|Any CPU
	EndGlobalSection
	GlobalSection(ProjectConfigurationPlatforms) = postSolution
		{0C1AC8F3-07CA-4C53-B629-CEAA4A78071E}.Debug|Any CPU.ActiveCfg = Debug|Any CPU
		{0C1AC8F3-07CA-4C53-B629-CEAA4A78071E}.Debug|Any CPU.Build.0 = Debug|Any CPU
		{0C1AC8F3-07CA-4C53-B629-CEAA4A78071E}.Release|Any CPU.ActiveCfg = Release|Any CPU
		{0C1AC8F3-07CA-4C53-B629-CEAA4A78071E}.Release|Any CPU.Build.0 = Release|Any CPU
	EndGlobalSection
	GlobalSection(SolutionProperties) = preSolution
		HideSolutionNode = FALSE
	EndGlobalSection
	GlobalSection(ExtensibilityGlobals) = postSolution
		SolutionGuid = {5365E7C5-E244-4E69-84A6-D72F5FBD89B8}
	EndGlobalSection
EndGlobal
